// !$*UTF8*$!
{
	archiveVersion = 1;
	classes = {
	};
	objectVersion = 50;
	objects = {

/* Begin PBXBuildFile section */
		00237BCB22F00B5B0068FE97 /* signIn.storyboard in Resources */ = {isa = PBXBuildFile; fileRef = 00237BCD22F00B5B0068FE97 /* signIn.storyboard */; };
		00237BE022F0288E0068FE97 /* signUp.storyboard in Resources */ = {isa = PBXBuildFile; fileRef = 00237BE222F0288E0068FE97 /* signUp.storyboard */; };
		00268E0722FC32C0004AF4B5 /* Assets.xcassets in Resources */ = {isa = PBXBuildFile; fileRef = 00268E0622FC32C0004AF4B5 /* Assets.xcassets */; };
		0035166622F09214004D29F4 /* languages.storyboard in Resources */ = {isa = PBXBuildFile; fileRef = 0035166522F09214004D29F4 /* languages.storyboard */; };
		00703AB122EEF3BF009A6179 /* AppDelegate.swift in Sources */ = {isa = PBXBuildFile; fileRef = 00703AB022EEF3BF009A6179 /* AppDelegate.swift */; };
		00703AB322EEF3BF009A6179 /* ViewController.swift in Sources */ = {isa = PBXBuildFile; fileRef = 00703AB222EEF3BF009A6179 /* ViewController.swift */; };
		00703AB622EEF3BF009A6179 /* launch.storyboard in Resources */ = {isa = PBXBuildFile; fileRef = 00703AB422EEF3BF009A6179 /* launch.storyboard */; };
		00703ABB22EEF3C3009A6179 /* LaunchScreen.storyboard in Resources */ = {isa = PBXBuildFile; fileRef = 00703AB922EEF3C3009A6179 /* LaunchScreen.storyboard */; };
		00703AF222EF0AB3009A6179 /* localizable.strings in Resources */ = {isa = PBXBuildFile; fileRef = 00703AF422EF0AB3009A6179 /* localizable.strings */; };
		00AC0CAC22FC52F1006E3816 /* credentialsEdit.storyboard in Resources */ = {isa = PBXBuildFile; fileRef = 00AC0CAB22FC52F1006E3816 /* credentialsEdit.storyboard */; };
/* End PBXBuildFile section */

/* Begin PBXFileReference section */
		00237BCC22F00B5B0068FE97 /* Base */ = {isa = PBXFileReference; lastKnownFileType = file.storyboard; name = Base; path = Base.lproj/signIn.storyboard; sourceTree = "<group>"; };
		00237BCF22F00B5F0068FE97 /* es */ = {isa = PBXFileReference; lastKnownFileType = text.plist.strings; name = es; path = es.lproj/signIn.strings; sourceTree = "<group>"; };
		00237BD122F00B660068FE97 /* ru */ = {isa = PBXFileReference; lastKnownFileType = text.plist.strings; name = ru; path = ru.lproj/signIn.strings; sourceTree = "<group>"; };
		00237BD322F00B680068FE97 /* de */ = {isa = PBXFileReference; lastKnownFileType = text.plist.strings; name = de; path = de.lproj/signIn.strings; sourceTree = "<group>"; };
		00237BD522F00B6A0068FE97 /* ar */ = {isa = PBXFileReference; lastKnownFileType = text.plist.strings; name = ar; path = ar.lproj/signIn.strings; sourceTree = "<group>"; };
		00237BD722F00B6D0068FE97 /* zh-Hans */ = {isa = PBXFileReference; lastKnownFileType = text.plist.strings; name = "zh-Hans"; path = "zh-Hans.lproj/signIn.strings"; sourceTree = "<group>"; };
		00237BD922F00B6E0068FE97 /* hi */ = {isa = PBXFileReference; lastKnownFileType = text.plist.strings; name = hi; path = hi.lproj/signIn.strings; sourceTree = "<group>"; };
		00237BDB22F00B700068FE97 /* fa-IR */ = {isa = PBXFileReference; lastKnownFileType = text.plist.strings; name = "fa-IR"; path = "fa-IR.lproj/signIn.strings"; sourceTree = "<group>"; };
		00237BDD22F00B730068FE97 /* tr */ = {isa = PBXFileReference; lastKnownFileType = text.plist.strings; name = tr; path = tr.lproj/signIn.strings; sourceTree = "<group>"; };
		00237BE122F0288E0068FE97 /* Base */ = {isa = PBXFileReference; lastKnownFileType = file.storyboard; name = Base; path = Base.lproj/signUp.storyboard; sourceTree = "<group>"; };
		00237BE422F028960068FE97 /* es */ = {isa = PBXFileReference; lastKnownFileType = text.plist.strings; name = es; path = es.lproj/signUp.strings; sourceTree = "<group>"; };
		00237BE622F0289C0068FE97 /* ru */ = {isa = PBXFileReference; lastKnownFileType = text.plist.strings; name = ru; path = ru.lproj/signUp.strings; sourceTree = "<group>"; };
		00237BE822F0289E0068FE97 /* de */ = {isa = PBXFileReference; lastKnownFileType = text.plist.strings; name = de; path = de.lproj/signUp.strings; sourceTree = "<group>"; };
		00237BEA22F0289F0068FE97 /* ar */ = {isa = PBXFileReference; lastKnownFileType = text.plist.strings; name = ar; path = ar.lproj/signUp.strings; sourceTree = "<group>"; };
		00237BEC22F028A00068FE97 /* zh-Hans */ = {isa = PBXFileReference; lastKnownFileType = text.plist.strings; name = "zh-Hans"; path = "zh-Hans.lproj/signUp.strings"; sourceTree = "<group>"; };
		00237BEE22F028A10068FE97 /* hi */ = {isa = PBXFileReference; lastKnownFileType = text.plist.strings; name = hi; path = hi.lproj/signUp.strings; sourceTree = "<group>"; };
		00237BF022F028A20068FE97 /* fa-IR */ = {isa = PBXFileReference; lastKnownFileType = text.plist.strings; name = "fa-IR"; path = "fa-IR.lproj/signUp.strings"; sourceTree = "<group>"; };
		00237BF222F028A40068FE97 /* tr */ = {isa = PBXFileReference; lastKnownFileType = text.plist.strings; name = tr; path = tr.lproj/signUp.strings; sourceTree = "<group>"; };
		00268E0622FC32C0004AF4B5 /* Assets.xcassets */ = {isa = PBXFileReference; lastKnownFileType = folder.assetcatalog; path = Assets.xcassets; sourceTree = "<group>"; };
		0035166522F09214004D29F4 /* languages.storyboard */ = {isa = PBXFileReference; lastKnownFileType = file.storyboard; path = languages.storyboard; sourceTree = "<group>"; };
		00703AAD22EEF3BE009A6179 /* UI-iMedia.app */ = {isa = PBXFileReference; explicitFileType = wrapper.application; includeInIndex = 0; path = "UI-iMedia.app"; sourceTree = BUILT_PRODUCTS_DIR; };
		00703AB022EEF3BF009A6179 /* AppDelegate.swift */ = {isa = PBXFileReference; lastKnownFileType = sourcecode.swift; path = AppDelegate.swift; sourceTree = "<group>"; };
		00703AB222EEF3BF009A6179 /* ViewController.swift */ = {isa = PBXFileReference; lastKnownFileType = sourcecode.swift; path = ViewController.swift; sourceTree = "<group>"; };
		00703AB522EEF3BF009A6179 /* Base */ = {isa = PBXFileReference; lastKnownFileType = file.storyboard; name = Base; path = Base.lproj/launch.storyboard; sourceTree = "<group>"; };
		00703ABA22EEF3C3009A6179 /* Base */ = {isa = PBXFileReference; lastKnownFileType = file.storyboard; name = Base; path = Base.lproj/LaunchScreen.storyboard; sourceTree = "<group>"; };
		00703ABC22EEF3C3009A6179 /* Info.plist */ = {isa = PBXFileReference; lastKnownFileType = text.plist.xml; path = Info.plist; sourceTree = "<group>"; };
		00703AE622EF0727009A6179 /* es */ = {isa = PBXFileReference; lastKnownFileType = text.plist.strings; name = es; path = es.lproj/launch.strings; sourceTree = "<group>"; };
		00703AE722EF0732009A6179 /* ru */ = {isa = PBXFileReference; lastKnownFileType = text.plist.strings; name = ru; path = ru.lproj/launch.strings; sourceTree = "<group>"; };
		00703AE822EF073D009A6179 /* de */ = {isa = PBXFileReference; lastKnownFileType = text.plist.strings; name = de; path = de.lproj/launch.strings; sourceTree = "<group>"; };
		00703AE922EF0747009A6179 /* ar */ = {isa = PBXFileReference; lastKnownFileType = text.plist.strings; name = ar; path = ar.lproj/launch.strings; sourceTree = "<group>"; };
		00703AEA22EF0756009A6179 /* zh-Hans */ = {isa = PBXFileReference; lastKnownFileType = text.plist.strings; name = "zh-Hans"; path = "zh-Hans.lproj/launch.strings"; sourceTree = "<group>"; };
		00703AEB22EF07B8009A6179 /* hi */ = {isa = PBXFileReference; lastKnownFileType = text.plist.strings; name = hi; path = hi.lproj/launch.strings; sourceTree = "<group>"; };
		00703AEC22EF07D8009A6179 /* fa-IR */ = {isa = PBXFileReference; lastKnownFileType = text.plist.strings; name = "fa-IR"; path = "fa-IR.lproj/launch.strings"; sourceTree = "<group>"; };
		00703AED22EF07EB009A6179 /* tr */ = {isa = PBXFileReference; lastKnownFileType = text.plist.strings; name = tr; path = tr.lproj/launch.strings; sourceTree = "<group>"; };
		00703AEF22EF07F7009A6179 /* en */ = {isa = PBXFileReference; lastKnownFileType = text.plist.strings; name = en; path = en.lproj/launch.strings; sourceTree = "<group>"; };
		00703AF322EF0AB3009A6179 /* en */ = {isa = PBXFileReference; lastKnownFileType = text.plist.strings; name = en; path = en.lproj/localizable.strings; sourceTree = "<group>"; };
		00703AF522EF0ABE009A6179 /* es */ = {isa = PBXFileReference; lastKnownFileType = text.plist.strings; name = es; path = es.lproj/localizable.strings; sourceTree = "<group>"; };
		00703AF622EF0AC0009A6179 /* ru */ = {isa = PBXFileReference; lastKnownFileType = text.plist.strings; name = ru; path = ru.lproj/localizable.strings; sourceTree = "<group>"; };
		00703AF722EF0AC1009A6179 /* de */ = {isa = PBXFileReference; lastKnownFileType = text.plist.strings; name = de; path = de.lproj/localizable.strings; sourceTree = "<group>"; };
		00703AF822EF0AC3009A6179 /* ar */ = {isa = PBXFileReference; lastKnownFileType = text.plist.strings; name = ar; path = ar.lproj/localizable.strings; sourceTree = "<group>"; };
		00703AF922EF0AC4009A6179 /* zh-Hans */ = {isa = PBXFileReference; lastKnownFileType = text.plist.strings; name = "zh-Hans"; path = "zh-Hans.lproj/localizable.strings"; sourceTree = "<group>"; };
		00703AFA22EF0AC5009A6179 /* hi */ = {isa = PBXFileReference; lastKnownFileType = text.plist.strings; name = hi; path = hi.lproj/localizable.strings; sourceTree = "<group>"; };
		00703AFB22EF0AC7009A6179 /* fa-IR */ = {isa = PBXFileReference; lastKnownFileType = text.plist.strings; name = "fa-IR"; path = "fa-IR.lproj/localizable.strings"; sourceTree = "<group>"; };
		00703AFC22EF0AC8009A6179 /* tr */ = {isa = PBXFileReference; lastKnownFileType = text.plist.strings; name = tr; path = tr.lproj/localizable.strings; sourceTree = "<group>"; };
		00AC0CAB22FC52F1006E3816 /* credentialsEdit.storyboard */ = {isa = PBXFileReference; lastKnownFileType = file.storyboard; path = credentialsEdit.storyboard; sourceTree = "<group>"; };
/* End PBXFileReference section */

/* Begin PBXFrameworksBuildPhase section */
		00703AAA22EEF3BE009A6179 /* Frameworks */ = {
			isa = PBXFrameworksBuildPhase;
			buildActionMask = 2147483647;
			files = (
			);
			runOnlyForDeploymentPostprocessing = 0;
		};
/* End PBXFrameworksBuildPhase section */

/* Begin PBXGroup section */
		00703AA422EEF3BE009A6179 = {
			isa = PBXGroup;
			children = (
				00703AAF22EEF3BE009A6179 /* UI-iMedia */,
				00703AAE22EEF3BE009A6179 /* Products */,
			);
			sourceTree = "<group>";
		};
		00703AAE22EEF3BE009A6179 /* Products */ = {
			isa = PBXGroup;
			children = (
				00703AAD22EEF3BE009A6179 /* UI-iMedia.app */,
			);
			name = Products;
			sourceTree = "<group>";
		};
		00703AAF22EEF3BE009A6179 /* UI-iMedia */ = {
			isa = PBXGroup;
			children = (
				00703AC522EEF4A8009A6179 /* UI */,
				00703AB022EEF3BF009A6179 /* AppDelegate.swift */,
				00703AB222EEF3BF009A6179 /* ViewController.swift */,
				00703AB922EEF3C3009A6179 /* LaunchScreen.storyboard */,
				00703ABC22EEF3C3009A6179 /* Info.plist */,
				00703AF422EF0AB3009A6179 /* localizable.strings */,
			);
			path = "UI-iMedia";
			sourceTree = "<group>";
		};
		00703AC522EEF4A8009A6179 /* UI */ = {
			isa = PBXGroup;
			children = (
				00703AB422EEF3BF009A6179 /* launch.storyboard */,
				00237BCD22F00B5B0068FE97 /* signIn.storyboard */,
				00237BE222F0288E0068FE97 /* signUp.storyboard */,
				0035166522F09214004D29F4 /* languages.storyboard */,
				00268E0622FC32C0004AF4B5 /* Assets.xcassets */,
				00AC0CAB22FC52F1006E3816 /* credentialsEdit.storyboard */,
			);
			path = UI;
			sourceTree = "<group>";
		};
/* End PBXGroup section */

/* Begin PBXNativeTarget section */
		00703AAC22EEF3BE009A6179 /* UI-iMedia */ = {
			isa = PBXNativeTarget;
			buildConfigurationList = 00703ABF22EEF3C3009A6179 /* Build configuration list for PBXNativeTarget "UI-iMedia" */;
			buildPhases = (
				00703AA922EEF3BE009A6179 /* Sources */,
				00703AAA22EEF3BE009A6179 /* Frameworks */,
				00703AAB22EEF3BE009A6179 /* Resources */,
			);
			buildRules = (
			);
			dependencies = (
			);
			name = "UI-iMedia";
			productName = "UI-iMedia";
			productReference = 00703AAD22EEF3BE009A6179 /* UI-iMedia.app */;
			productType = "com.apple.product-type.application";
		};
/* End PBXNativeTarget section */

/* Begin PBXProject section */
		00703AA522EEF3BE009A6179 /* Project object */ = {
			isa = PBXProject;
			attributes = {
				LastSwiftUpdateCheck = 1030;
				LastUpgradeCheck = 1030;
				ORGANIZATIONNAME = a;
				TargetAttributes = {
					00703AAC22EEF3BE009A6179 = {
						CreatedOnToolsVersion = 10.3;
					};
				};
			};
			buildConfigurationList = 00703AA822EEF3BE009A6179 /* Build configuration list for PBXProject "UI-iMedia" */;
			compatibilityVersion = "Xcode 9.3";
			developmentRegion = en;
			hasScannedForEncodings = 0;
			knownRegions = (
				en,
				Base,
				es,
				ru,
				de,
				ar,
				"zh-Hans",
				hi,
				"fa-IR",
				tr,
			);
			mainGroup = 00703AA422EEF3BE009A6179;
			productRefGroup = 00703AAE22EEF3BE009A6179 /* Products */;
			projectDirPath = "";
			projectRoot = "";
			targets = (
				00703AAC22EEF3BE009A6179 /* UI-iMedia */,
			);
		};
/* End PBXProject section */

/* Begin PBXResourcesBuildPhase section */
		00703AAB22EEF3BE009A6179 /* Resources */ = {
			isa = PBXResourcesBuildPhase;
			buildActionMask = 2147483647;
			files = (
				00237BE022F0288E0068FE97 /* signUp.storyboard in Resources */,
				00703ABB22EEF3C3009A6179 /* LaunchScreen.storyboard in Resources */,
				00268E0722FC32C0004AF4B5 /* Assets.xcassets in Resources */,
				00237BCB22F00B5B0068FE97 /* signIn.storyboard in Resources */,
				00703AF222EF0AB3009A6179 /* localizable.strings in Resources */,
				00AC0CAC22FC52F1006E3816 /* credentialsEdit.storyboard in Resources */,
				0035166622F09214004D29F4 /* languages.storyboard in Resources */,
				00703AB622EEF3BF009A6179 /* launch.storyboard in Resources */,
			);
			runOnlyForDeploymentPostprocessing = 0;
		};
/* End PBXResourcesBuildPhase section */

/* Begin PBXSourcesBuildPhase section */
		00703AA922EEF3BE009A6179 /* Sources */ = {
			isa = PBXSourcesBuildPhase;
			buildActionMask = 2147483647;
			files = (
				00703AB322EEF3BF009A6179 /* ViewController.swift in Sources */,
				00703AB122EEF3BF009A6179 /* AppDelegate.swift in Sources */,
			);
			runOnlyForDeploymentPostprocessing = 0;
		};
/* End PBXSourcesBuildPhase section */

/* Begin PBXVariantGroup section */
		00237BCD22F00B5B0068FE97 /* signIn.storyboard */ = {
			isa = PBXVariantGroup;
			children = (
				00237BCC22F00B5B0068FE97 /* Base */,
				00237BCF22F00B5F0068FE97 /* es */,
				00237BD122F00B660068FE97 /* ru */,
				00237BD322F00B680068FE97 /* de */,
				00237BD522F00B6A0068FE97 /* ar */,
				00237BD722F00B6D0068FE97 /* zh-Hans */,
				00237BD922F00B6E0068FE97 /* hi */,
				00237BDB22F00B700068FE97 /* fa-IR */,
				00237BDD22F00B730068FE97 /* tr */,
			);
			name = signIn.storyboard;
			sourceTree = "<group>";
		};
		00237BE222F0288E0068FE97 /* signUp.storyboard */ = {
			isa = PBXVariantGroup;
			children = (
				00237BE122F0288E0068FE97 /* Base */,
				00237BE422F028960068FE97 /* es */,
				00237BE622F0289C0068FE97 /* ru */,
				00237BE822F0289E0068FE97 /* de */,
				00237BEA22F0289F0068FE97 /* ar */,
				00237BEC22F028A00068FE97 /* zh-Hans */,
				00237BEE22F028A10068FE97 /* hi */,
				00237BF022F028A20068FE97 /* fa-IR */,
				00237BF222F028A40068FE97 /* tr */,
			);
			name = signUp.storyboard;
			sourceTree = "<group>";
		};
		00703AB422EEF3BF009A6179 /* launch.storyboard */ = {
			isa = PBXVariantGroup;
			children = (
				00703AB522EEF3BF009A6179 /* Base */,
				00703AE622EF0727009A6179 /* es */,
				00703AE722EF0732009A6179 /* ru */,
				00703AE822EF073D009A6179 /* de */,
				00703AE922EF0747009A6179 /* ar */,
				00703AEA22EF0756009A6179 /* zh-Hans */,
				00703AEB22EF07B8009A6179 /* hi */,
				00703AEC22EF07D8009A6179 /* fa-IR */,
				00703AED22EF07EB009A6179 /* tr */,
				00703AEF22EF07F7009A6179 /* en */,
			);
			name = launch.storyboard;
			sourceTree = "<group>";
		};
		00703AB922EEF3C3009A6179 /* LaunchScreen.storyboard */ = {
			isa = PBXVariantGroup;
			children = (
				00703ABA22EEF3C3009A6179 /* Base */,
			);
			name = LaunchScreen.storyboard;
			sourceTree = "<group>";
		};
		00703AF422EF0AB3009A6179 /* localizable.strings */ = {
			isa = PBXVariantGroup;
			children = (
				00703AF322EF0AB3009A6179 /* en */,
				00703AF522EF0ABE009A6179 /* es */,
				00703AF622EF0AC0009A6179 /* ru */,
				00703AF722EF0AC1009A6179 /* de */,
				00703AF822EF0AC3009A6179 /* ar */,
				00703AF922EF0AC4009A6179 /* zh-Hans */,
				00703AFA22EF0AC5009A6179 /* hi */,
				00703AFB22EF0AC7009A6179 /* fa-IR */,
				00703AFC22EF0AC8009A6179 /* tr */,
			);
			name = localizable.strings;
			sourceTree = "<group>";
		};
/* End PBXVariantGroup section */

/* Begin XCBuildConfiguration section */
		00703ABD22EEF3C3009A6179 /* Debug */ = {
			isa = XCBuildConfiguration;
			buildSettings = {
				ALWAYS_SEARCH_USER_PATHS = NO;
				CLANG_ANALYZER_LOCALIZABILITY_NONLOCALIZED = YES;
				CLANG_ANALYZER_NONNULL = YES;
				CLANG_ANALYZER_NUMBER_OBJECT_CONVERSION = YES_AGGRESSIVE;
				CLANG_CXX_LANGUAGE_STANDARD = "gnu++14";
				CLANG_CXX_LIBRARY = "libc++";
				CLANG_ENABLE_MODULES = YES;
				CLANG_ENABLE_OBJC_ARC = YES;
				CLANG_ENABLE_OBJC_WEAK = YES;
				CLANG_WARN_BLOCK_CAPTURE_AUTORELEASING = YES;
				CLANG_WARN_BOOL_CONVERSION = YES;
				CLANG_WARN_COMMA = YES;
				CLANG_WARN_CONSTANT_CONVERSION = YES;
				CLANG_WARN_DEPRECATED_OBJC_IMPLEMENTATIONS = YES;
				CLANG_WARN_DIRECT_OBJC_ISA_USAGE = YES_ERROR;
				CLANG_WARN_DOCUMENTATION_COMMENTS = YES;
				CLANG_WARN_EMPTY_BODY = YES;
				CLANG_WARN_ENUM_CONVERSION = YES;
				CLANG_WARN_INFINITE_RECURSION = YES;
				CLANG_WARN_INT_CONVERSION = YES;
				CLANG_WARN_NON_LITERAL_NULL_CONVERSION = YES;
				CLANG_WARN_OBJC_IMPLICIT_RETAIN_SELF = YES;
				CLANG_WARN_OBJC_LITERAL_CONVERSION = YES;
				CLANG_WARN_OBJC_ROOT_CLASS = YES_ERROR;
				CLANG_WARN_RANGE_LOOP_ANALYSIS = YES;
				CLANG_WARN_STRICT_PROTOTYPES = YES;
				CLANG_WARN_SUSPICIOUS_MOVE = YES;
				CLANG_WARN_UNGUARDED_AVAILABILITY = YES_AGGRESSIVE;
				CLANG_WARN_UNREACHABLE_CODE = YES;
				CLANG_WARN__DUPLICATE_METHOD_MATCH = YES;
				CODE_SIGN_IDENTITY = "iPhone Developer";
				COPY_PHASE_STRIP = NO;
				DEBUG_INFORMATION_FORMAT = dwarf;
				ENABLE_STRICT_OBJC_MSGSEND = YES;
				ENABLE_TESTABILITY = YES;
				GCC_C_LANGUAGE_STANDARD = gnu11;
				GCC_DYNAMIC_NO_PIC = NO;
				GCC_NO_COMMON_BLOCKS = YES;
				GCC_OPTIMIZATION_LEVEL = 0;
				GCC_PREPROCESSOR_DEFINITIONS = (
					"DEBUG=1",
					"$(inherited)",
				);
				GCC_WARN_64_TO_32_BIT_CONVERSION = YES;
				GCC_WARN_ABOUT_RETURN_TYPE = YES_ERROR;
				GCC_WARN_UNDECLARED_SELECTOR = YES;
				GCC_WARN_UNINITIALIZED_AUTOS = YES_AGGRESSIVE;
				GCC_WARN_UNUSED_FUNCTION = YES;
				GCC_WARN_UNUSED_VARIABLE = YES;
				IPHONEOS_DEPLOYMENT_TARGET = 12.4;
				MTL_ENABLE_DEBUG_INFO = INCLUDE_SOURCE;
				MTL_FAST_MATH = YES;
				ONLY_ACTIVE_ARCH = YES;
				SDKROOT = iphoneos;
				SWIFT_ACTIVE_COMPILATION_CONDITIONS = DEBUG;
				SWIFT_OPTIMIZATION_LEVEL = "-Onone";
			};
			name = Debug;
		};
		00703ABE22EEF3C3009A6179 /* Release */ = {
			isa = XCBuildConfiguration;
			buildSettings = {
				ALWAYS_SEARCH_USER_PATHS = NO;
				CLANG_ANALYZER_LOCALIZABILITY_NONLOCALIZED = YES;
				CLANG_ANALYZER_NONNULL = YES;
				CLANG_ANALYZER_NUMBER_OBJECT_CONVERSION = YES_AGGRESSIVE;
				CLANG_CXX_LANGUAGE_STANDARD = "gnu++14";
				CLANG_CXX_LIBRARY = "libc++";
				CLANG_ENABLE_MODULES = YES;
				CLANG_ENABLE_OBJC_ARC = YES;
				CLANG_ENABLE_OBJC_WEAK = YES;
				CLANG_WARN_BLOCK_CAPTURE_AUTORELEASING = YES;
				CLANG_WARN_BOOL_CONVERSION = YES;
				CLANG_WARN_COMMA = YES;
				CLANG_WARN_CONSTANT_CONVERSION = YES;
				CLANG_WARN_DEPRECATED_OBJC_IMPLEMENTATIONS = YES;
				CLANG_WARN_DIRECT_OBJC_ISA_USAGE = YES_ERROR;
				CLANG_WARN_DOCUMENTATION_COMMENTS = YES;
				CLANG_WARN_EMPTY_BODY = YES;
				CLANG_WARN_ENUM_CONVERSION = YES;
				CLANG_WARN_INFINITE_RECURSION = YES;
				CLANG_WARN_INT_CONVERSION = YES;
				CLANG_WARN_NON_LITERAL_NULL_CONVERSION = YES;
				CLANG_WARN_OBJC_IMPLICIT_RETAIN_SELF = YES;
				CLANG_WARN_OBJC_LITERAL_CONVERSION = YES;
				CLANG_WARN_OBJC_ROOT_CLASS = YES_ERROR;
				CLANG_WARN_RANGE_LOOP_ANALYSIS = YES;
				CLANG_WARN_STRICT_PROTOTYPES = YES;
				CLANG_WARN_SUSPICIOUS_MOVE = YES;
				CLANG_WARN_UNGUARDED_AVAILABILITY = YES_AGGRESSIVE;
				CLANG_WARN_UNREACHABLE_CODE = YES;
				CLANG_WARN__DUPLICATE_METHOD_MATCH = YES;
				CODE_SIGN_IDENTITY = "iPhone Developer";
				COPY_PHASE_STRIP = NO;
				DEBUG_INFORMATION_FORMAT = "dwarf-with-dsym";
				ENABLE_NS_ASSERTIONS = NO;
				ENABLE_STRICT_OBJC_MSGSEND = YES;
				GCC_C_LANGUAGE_STANDARD = gnu11;
				GCC_NO_COMMON_BLOCKS = YES;
				GCC_WARN_64_TO_32_BIT_CONVERSION = YES;
				GCC_WARN_ABOUT_RETURN_TYPE = YES_ERROR;
				GCC_WARN_UNDECLARED_SELECTOR = YES;
				GCC_WARN_UNINITIALIZED_AUTOS = YES_AGGRESSIVE;
				GCC_WARN_UNUSED_FUNCTION = YES;
				GCC_WARN_UNUSED_VARIABLE = YES;
				IPHONEOS_DEPLOYMENT_TARGET = 12.4;
				MTL_ENABLE_DEBUG_INFO = NO;
				MTL_FAST_MATH = YES;
				SDKROOT = iphoneos;
				SWIFT_COMPILATION_MODE = wholemodule;
				SWIFT_OPTIMIZATION_LEVEL = "-O";
				VALIDATE_PRODUCT = YES;
			};
			name = Release;
		};
		00703AC022EEF3C3009A6179 /* Debug */ = {
			isa = XCBuildConfiguration;
			buildSettings = {
				ASSETCATALOG_COMPILER_APPICON_NAME = AppIcon;
				CODE_SIGN_STYLE = Automatic;
				DEVELOPMENT_TEAM = 4SM3Y64WB5;
				INFOPLIST_FILE = "UI-iMedia/Info.plist";
				LD_RUNPATH_SEARCH_PATHS = (
					"$(inherited)",
					"@executable_path/Frameworks",
				);
				PRODUCT_BUNDLE_IDENTIFIER = "ABventures.Snapchat-Camera.imedia.UI-iMedia";
				PRODUCT_NAME = "$(TARGET_NAME)";
				SWIFT_VERSION = 5.0;
				TARGETED_DEVICE_FAMILY = "1,2";
			};
			name = Debug;
		};
		00703AC122EEF3C3009A6179 /* Release */ = {
			isa = XCBuildConfiguration;
			buildSettings = {
				ASSETCATALOG_COMPILER_APPICON_NAME = AppIcon;
				CODE_SIGN_STYLE = Automatic;
				DEVELOPMENT_TEAM = 4SM3Y64WB5;
				INFOPLIST_FILE = "UI-iMedia/Info.plist";
				LD_RUNPATH_SEARCH_PATHS = (
					"$(inherited)",
					"@executable_path/Frameworks",
				);
				PRODUCT_BUNDLE_IDENTIFIER = "ABventures.Snapchat-Camera.imedia.UI-iMedia";
				PRODUCT_NAME = "$(TARGET_NAME)";
				SWIFT_VERSION = 5.0;
				TARGETED_DEVICE_FAMILY = "1,2";
			};
			name = Release;
		};
/* End XCBuildConfiguration section */

/* Begin XCConfigurationList section */
		00703AA822EEF3BE009A6179 /* Build configuration list for PBXProject "UI-iMedia" */ = {
			isa = XCConfigurationList;
			buildConfigurations = (
				00703ABD22EEF3C3009A6179 /* Debug */,
				00703ABE22EEF3C3009A6179 /* Release */,
			);
			defaultConfigurationIsVisible = 0;
			defaultConfigurationName = Release;
		};
		00703ABF22EEF3C3009A6179 /* Build configuration list for PBXNativeTarget "UI-iMedia" */ = {
			isa = XCConfigurationList;
			buildConfigurations = (
				00703AC022EEF3C3009A6179 /* Debug */,
				00703AC122EEF3C3009A6179 /* Release */,
			);
			defaultConfigurationIsVisible = 0;
			defaultConfigurationName = Release;
		};
/* End XCConfigurationList section */
	};
	rootObject = 00703AA522EEF3BE009A6179 /* Project object */;
}
